
Microsoft Visual Studio Solution File, Format Version 12.00
# Visual Studio Version 17
VisualStudioVersion = 17.8.34309.116
MinimumVisualStudioVersion = 10.0.40219.1
Project("{FAE04EC0-301F-11D3-BF4B-00C04F79EFBC}") = "Tombok_TicTacToe", "Tombok_TicTacToe\Tombok_TicTacToe.csproj", "{1AE26167-9EB2-433B-994C-633C9DB2911A}"
EndProject
Global
	GlobalSection(SolutionConfigurationPlatforms) = preSolution
		Debug|Any CPU = Debug|Any CPU
		Release|Any CPU = Release|Any CPU
	EndGlobalSection
	GlobalSection(ProjectConfigurationPlatforms) = postSolution
		{1AE26167-9EB2-433B-994C-633C9DB2911A}.Debug|Any CPU.ActiveCfg = Debug|Any CPU
		{1AE26167-9EB2-433B-994C-633C9DB2911A}.Debug|Any CPU.Build.0 = Debug|Any CPU
		{1AE26167-9EB2-433B-994C-633C9DB2911A}.Release|Any CPU.ActiveCfg = Release|Any CPU
		{1AE26167-9EB2-433B-994C-633C9DB2911A}.Release|Any CPU.Build.0 = Release|Any CPU
	EndGlobalSection
	GlobalSection(SolutionProperties) = preSolution
		HideSolutionNode = FALSE
	EndGlobalSection
	GlobalSection(ExtensibilityGlobals) = postSolution
		SolutionGuid = {5EC00486-CE5F-4623-A98C-EBB70501D147}
	EndGlobalSection
EndGlobal
